
Microsoft Visual Studio Solution File, Format Version 12.00
# Visual Studio Version 16
VisualStudioVersion = 16.0.30621.155
MinimumVisualStudioVersion = 10.0.40219.1
Project("{9A19103F-16F7-4668-BE54-9A1E7A4F7556}") = "OfferExport", "OfferExport\OfferExport.csproj", "{ED274976-15A6-49E8-913F-47D04BE69E18}"
EndProject
Project("{9A19103F-16F7-4668-BE54-9A1E7A4F7556}") = "ATI.EncryptionTool.Core", "..\Multi\Services Core\ATI.EncryptionTool.Core\ATI.EncryptionTool.Core.csproj", "{F70BE6DB-D886-47E1-8C98-AF4FB47A323C}"
EndProject
Global
	GlobalSection(SolutionConfigurationPlatforms) = preSolution
		Debug|Any CPU = Debug|Any CPU
		Release|Any CPU = Release|Any CPU
	EndGlobalSection
	GlobalSection(ProjectConfigurationPlatforms) = postSolution
		{ED274976-15A6-49E8-913F-47D04BE69E18}.Debug|Any CPU.ActiveCfg = Debug|Any CPU
		{ED274976-15A6-49E8-913F-47D04BE69E18}.Debug|Any CPU.Build.0 = Debug|Any CPU
		{ED274976-15A6-49E8-913F-47D04BE69E18}.Release|Any CPU.ActiveCfg = Release|Any CPU
		{ED274976-15A6-49E8-913F-47D04BE69E18}.Release|Any CPU.Build.0 = Release|Any CPU
		{F70BE6DB-D886-47E1-8C98-AF4FB47A323C}.Debug|Any CPU.ActiveCfg = Debug|Any CPU
		{F70BE6DB-D886-47E1-8C98-AF4FB47A323C}.Debug|Any CPU.Build.0 = Debug|Any CPU
		{F70BE6DB-D886-47E1-8C98-AF4FB47A323C}.Release|Any CPU.ActiveCfg = Release|Any CPU
		{F70BE6DB-D886-47E1-8C98-AF4FB47A323C}.Release|Any CPU.Build.0 = Release|Any CPU
	EndGlobalSection
	GlobalSection(SolutionProperties) = preSolution
		HideSolutionNode = FALSE
	EndGlobalSection
	GlobalSection(ExtensibilityGlobals) = postSolution
		SolutionGuid = {AACECF66-8A2E-4CE6-93A5-5DD72A730C37}
	EndGlobalSection
EndGlobal
